// !$*UTF8*$!
{
	archiveVersion = 1;
	classes = {
	};
	objectVersion = 77;
	objects = {

/* Begin PBXContainerItemProxy section */
		6EE30C8E2DD514FF003122EC /* PBXContainerItemProxy */ = {
			isa = PBXContainerItemProxy;
			containerPortal = 6EE30C6F2DD514FE003122EC /* Project object */;
			proxyType = 1;
			remoteGlobalIDString = 6EE30C762DD514FE003122EC;
			remoteInfo = Podcast_Swift;
		};
		6EE30C982DD514FF003122EC /* PBXContainerItemProxy */ = {
			isa = PBXContainerItemProxy;
			containerPortal = 6EE30C6F2DD514FE003122EC /* Project object */;
			proxyType = 1;
			remoteGlobalIDString = 6EE30C762DD514FE003122EC;
			remoteInfo = Podcast_Swift;
		};
/* End PBXContainerItemProxy section */

/* Begin PBXFileReference section */
		6EE30C772DD514FE003122EC /* Podcast_Swift.app */ = {isa = PBXFileReference; explicitFileType = wrapper.application; includeInIndex = 0; path = Podcast_Swift.app; sourceTree = BUILT_PRODUCTS_DIR; };
		6EE30C8D2DD514FF003122EC /* Podcast_SwiftTests.xctest */ = {isa = PBXFileReference; explicitFileType = wrapper.cfbundle; includeInIndex = 0; path = Podcast_SwiftTests.xctest; sourceTree = BUILT_PRODUCTS_DIR; };
		6EE30C972DD514FF003122EC /* Podcast_SwiftUITests.xctest */ = {isa = PBXFileReference; explicitFileType = wrapper.cfbundle; includeInIndex = 0; path = Podcast_SwiftUITests.xctest; sourceTree = BUILT_PRODUCTS_DIR; };
/* End PBXFileReference section */

/* Begin PBXFileSystemSynchronizedBuildFileExceptionSet section */
		6EE30C9F2DD514FF003122EC /* Exceptions for "Podcast_Swift" folder in "Podcast_Swift" target */ = {
			isa = PBXFileSystemSynchronizedBuildFileExceptionSet;
			membershipExceptions = (
				Info.plist,
			);
			target = 6EE30C762DD514FE003122EC /* Podcast_Swift */;
		};
/* End PBXFileSystemSynchronizedBuildFileExceptionSet section */

/* Begin PBXFileSystemSynchronizedRootGroup section */
		6EE30C792DD514FE003122EC /* Podcast_Swift */ = {
			isa = PBXFileSystemSynchronizedRootGroup;
			exceptions = (
				6EE30C9F2DD514FF003122EC /* Exceptions for "Podcast_Swift" folder in "Podcast_Swift" target */,
			);
			path = Podcast_Swift;
			sourceTree = "<group>";
		};
		6EE30C902DD514FF003122EC /* Podcast_SwiftTests */ = {
			isa = PBXFileSystemSynchronizedRootGroup;
			path = Podcast_SwiftTests;
			sourceTree = "<group>";
		};
		6EE30C9A2DD514FF003122EC /* Podcast_SwiftUITests */ = {
			isa = PBXFileSystemSynchronizedRootGroup;
			path = Podcast_SwiftUITests;
			sourceTree = "<group>";
		};
/* End PBXFileSystemSynchronizedRootGroup section */

/* Begin PBXFrameworksBuildPhase section */
		6EE30C742DD514FE003122EC /* Frameworks */ = {
			isa = PBXFrameworksBuildPhase;
			buildActionMask = 2147483647;
			files = (
			);
			runOnlyForDeploymentPostprocessing = 0;
		};
		6EE30C8A2DD514FF003122EC /* Frameworks */ = {
			isa = PBXFrameworksBuildPhase;
			buildActionMask = 2147483647;
			files = (
			);
			runOnlyForDeploymentPostprocessing = 0;
		};
		6EE30C942DD514FF003122EC /* Frameworks */ = {
			isa = PBXFrameworksBuildPhase;
			buildActionMask = 2147483647;
			files = (
			);
			runOnlyForDeploymentPostprocessing = 0;
		};
/* End PBXFrameworksBuildPhase section */

/* Begin PBXGroup section */
		6EE30C6E2DD514FE003122EC = {
			isa = PBXGroup;
			children = (
				6EE30C792DD514FE003122EC /* Podcast_Swift */,
				6EE30C902DD514FF003122EC /* Podcast_SwiftTests */,
				6EE30C9A2DD514FF003122EC /* Podcast_SwiftUITests */,
				6EE30C782DD514FE003122EC /* Products */,
			);
			sourceTree = "<group>";
		};
		6EE30C782DD514FE003122EC /* Products */ = {
			isa = PBXGroup;
			children = (
				6EE30C772DD514FE003122EC /* Podcast_Swift.app */,
				6EE30C8D2DD514FF003122EC /* Podcast_SwiftTests.xctest */,
				6EE30C972DD514FF003122EC /* Podcast_SwiftUITests.xctest */,
			);
			name = Products;
			sourceTree = "<group>";
		};
/* End PBXGroup section */

/* Begin PBXNativeTarget section */
		6EE30C762DD514FE003122EC /* Podcast_Swift */ = {
			isa = PBXNativeTarget;
			buildConfigurationList = 6EE30CA02DD514FF003122EC /* Build configuration list for PBXNativeTarget "Podcast_Swift" */;
			buildPhases = (
				6EE30C732DD514FE003122EC /* Sources */,
				6EE30C742DD514FE003122EC /* Frameworks */,
				6EE30C752DD514FE003122EC /* Resources */,
			);
			buildRules = (
			);
			dependencies = (
			);
			fileSystemSynchronizedGroups = (
				6EE30C792DD514FE003122EC /* Podcast_Swift */,
			);
			name = Podcast_Swift;
			packageProductDependencies = (
			);
			productName = Podcast_Swift;
			productReference = 6EE30C772DD514FE003122EC /* Podcast_Swift.app */;
			productType = "com.apple.product-type.application";
		};
		6EE30C8C2DD514FF003122EC /* Podcast_SwiftTests */ = {
			isa = PBXNativeTarget;
			buildConfigurationList = 6EE30CA52DD514FF003122EC /* Build configuration list for PBXNativeTarget "Podcast_SwiftTests" */;
			buildPhases = (
				6EE30C892DD514FF003122EC /* Sources */,
				6EE30C8A2DD514FF003122EC /* Frameworks */,
				6EE30C8B2DD514FF003122EC /* Resources */,
			);
			buildRules = (
			);
			dependencies = (
				6EE30C8F2DD514FF003122EC /* PBXTargetDependency */,
			);
			fileSystemSynchronizedGroups = (
				6EE30C902DD514FF003122EC /* Podcast_SwiftTests */,
			);
			name = Podcast_SwiftTests;
			packageProductDependencies = (
			);
			productName = Podcast_SwiftTests;
			productReference = 6EE30C8D2DD514FF003122EC /* Podcast_SwiftTests.xctest */;
			productType = "com.apple.product-type.bundle.unit-test";
		};
		6EE30C962DD514FF003122EC /* Podcast_SwiftUITests */ = {
			isa = PBXNativeTarget;
			buildConfigurationList = 6EE30CA82DD514FF003122EC /* Build configuration list for PBXNativeTarget "Podcast_SwiftUITests" */;
			buildPhases = (
				6EE30C932DD514FF003122EC /* Sources */,
				6EE30C942DD514FF003122EC /* Frameworks */,
				6EE30C952DD514FF003122EC /* Resources */,
			);
			buildRules = (
			);
			dependencies = (
				6EE30C992DD514FF003122EC /* PBXTargetDependency */,
			);
			fileSystemSynchronizedGroups = (
				6EE30C9A2DD514FF003122EC /* Podcast_SwiftUITests */,
			);
			name = Podcast_SwiftUITests;
			packageProductDependencies = (
			);
			productName = Podcast_SwiftUITests;
			productReference = 6EE30C972DD514FF003122EC /* Podcast_SwiftUITests.xctest */;
			productType = "com.apple.product-type.bundle.ui-testing";
		};
/* End PBXNativeTarget section */

/* Begin PBXProject section */
		6EE30C6F2DD514FE003122EC /* Project object */ = {
			isa = PBXProject;
			attributes = {
				BuildIndependentTargetsInParallel = 1;
				LastSwiftUpdateCheck = 1620;
				LastUpgradeCheck = 1620;
				TargetAttributes = {
					6EE30C762DD514FE003122EC = {
						CreatedOnToolsVersion = 16.2;
					};
					6EE30C8C2DD514FF003122EC = {
						CreatedOnToolsVersion = 16.2;
						TestTargetID = 6EE30C762DD514FE003122EC;
					};
					6EE30C962DD514FF003122EC = {
						CreatedOnToolsVersion = 16.2;
						TestTargetID = 6EE30C762DD514FE003122EC;
					};
				};
			};
			buildConfigurationList = 6EE30C722DD514FE003122EC /* Build configuration list for PBXProject "Podcast_Swift" */;
			developmentRegion = en;
			hasScannedForEncodings = 0;
			knownRegions = (
				en,
				Base,
			);
			mainGroup = 6EE30C6E2DD514FE003122EC;
			minimizedProjectReferenceProxies = 1;
			preferredProjectObjectVersion = 77;
			productRefGroup = 6EE30C782DD514FE003122EC /* Products */;
			projectDirPath = "";
			projectRoot = "";
			targets = (
				6EE30C762DD514FE003122EC /* Podcast_Swift */,
				6EE30C8C2DD514FF003122EC /* Podcast_SwiftTests */,
				6EE30C962DD514FF003122EC /* Podcast_SwiftUITests */,
			);
		};
/* End PBXProject section */

/* Begin PBXResourcesBuildPhase section */
		6EE30C752DD514FE003122EC /* Resources */ = {
			isa = PBXResourcesBuildPhase;
			buildActionMask = 2147483647;
			files = (
			);
			runOnlyForDeploymentPostprocessing = 0;
		};
		6EE30C8B2DD514FF003122EC /* Resources */ = {
			isa = PBXResourcesBuildPhase;
			buildActionMask = 2147483647;
			files = (
			);
			runOnlyForDeploymentPostprocessing = 0;
		};
		6EE30C952DD514FF003122EC /* Resources */ = {
			isa = PBXResourcesBuildPhase;
			buildActionMask = 2147483647;
			files = (
			);
			runOnlyForDeploymentPostprocessing = 0;
		};
/* End PBXResourcesBuildPhase section */

/* Begin PBXSourcesBuildPhase section */
		6EE30C732DD514FE003122EC /* Sources */ = {
			isa = PBXSourcesBuildPhase;
			buildActionMask = 2147483647;
			files = (
			);
			runOnlyForDeploymentPostprocessing = 0;
		};
		6EE30C892DD514FF003122EC /* Sources */ = {
			isa = PBXSourcesBuildPhase;
			buildActionMask = 2147483647;
			files = (
			);
			runOnlyForDeploymentPostprocessing = 0;
		};
		6EE30C932DD514FF003122EC /* Sources */ = {
			isa = PBXSourcesBuildPhase;
			buildActionMask = 2147483647;
			files = (
			);
			runOnlyForDeploymentPostprocessing = 0;
		};
/* End PBXSourcesBuildPhase section */

/* Begin PBXTargetDependency section */
		6EE30C8F2DD514FF003122EC /* PBXTargetDependency */ = {
			isa = PBXTargetDependency;
			target = 6EE30C762DD514FE003122EC /* Podcast_Swift */;
			targetProxy = 6EE30C8E2DD514FF003122EC /* PBXContainerItemProxy */;
		};
		6EE30C992DD514FF003122EC /* PBXTargetDependency */ = {
			isa = PBXTargetDependency;
			target = 6EE30C762DD514FE003122EC /* Podcast_Swift */;
			targetProxy = 6EE30C982DD514FF003122EC /* PBXContainerItemProxy */;
		};
/* End PBXTargetDependency section */

/* Begin XCBuildConfiguration section */
		6EE30CA12DD514FF003122EC /* Debug */ = {
			isa = XCBuildConfiguration;
			buildSettings = {
				ASSETCATALOG_COMPILER_APPICON_NAME = AppIcon;
				ASSETCATALOG_COMPILER_GLOBAL_ACCENT_COLOR_NAME = AccentColor;
				CODE_SIGN_STYLE = Automatic;
				CURRENT_PROJECT_VERSION = 1;
				GENERATE_INFOPLIST_FILE = YES;
				INFOPLIST_FILE = Podcast_Swift/Info.plist;
				INFOPLIST_KEY_UIApplicationSupportsIndirectInputEvents = YES;
				INFOPLIST_KEY_UILaunchStoryboardName = LaunchScreen;
				INFOPLIST_KEY_UIMainStoryboardFile = Main;
				INFOPLIST_KEY_UISupportedInterfaceOrientations_iPad = "UIInterfaceOrientationPortrait UIInterfaceOrientationPortraitUpsideDown UIInterfaceOrientationLandscapeLeft UIInterfaceOrientationLandscapeRight";
				INFOPLIST_KEY_UISupportedInterfaceOrientations_iPhone = "UIInterfaceOrientationPortrait UIInterfaceOrientationLandscapeLeft UIInterfaceOrientationLandscapeRight";
				LD_RUNPATH_SEARCH_PATHS = (
					"$(inherited)",
					"@executable_path/Frameworks",
				);
				MARKETING_VERSION = 1.0;
				PRODUCT_BUNDLE_IDENTIFIER = "com.practice.Podcast-Swift";
				PRODUCT_NAME = "$(TARGET_NAME)";
				SWIFT_EMIT_LOC_STRINGS = YES;
				SWIFT_VERSION = 5.0;
				TARGETED_DEVICE_FAMILY = "1,2";
			};
			name = Debug;
		};
		6EE30CA22DD514FF003122EC /* Release */ = {
			isa = XCBuildConfiguration;
			buildSettings = {
				ASSETCATALOG_COMPILER_APPICON_NAME = AppIcon;
				ASSETCATALOG_COMPILER_GLOBAL_ACCENT_COLOR_NAME = AccentColor;
				CODE_SIGN_STYLE = Automatic;
				CURRENT_PROJECT_VERSION = 1;
				GENERATE_INFOPLIST_FILE = YES;
				INFOPLIST_FILE = Podcast_Swift/Info.plist;
				INFOPLIST_KEY_UIApplicationSupportsIndirectInputEvents = YES;
				INFOPLIST_KEY_UILaunchStoryboardName = LaunchScreen;
				INFOPLIST_KEY_UIMainStoryboardFile = Main;
				INFOPLIST_KEY_UISupportedInterfaceOrientations_iPad = "UIInterfaceOrientationPortrait UIInterfaceOrientationPortraitUpsideDown UIInterfaceOrientationLandscapeLeft UIInterfaceOrientationLandscapeRight";
				INFOPLIST_KEY_UISupportedInterfaceOrientations_iPhone = "UIInterfaceOrientationPortrait UIInterfaceOrientationLandscapeLeft UIInterfaceOrientationLandscapeRight";
				LD_RUNPATH_SEARCH_PATHS = (
					"$(inherited)",
					"@executable_path/Frameworks",
				);
				MARKETING_VERSION = 1.0;
				PRODUCT_BUNDLE_IDENTIFIER = "com.practice.Podcast-Swift";
				PRODUCT_NAME = "$(TARGET_NAME)";
				SWIFT_EMIT_LOC_STRINGS = YES;
				SWIFT_VERSION = 5.0;
				TARGETED_DEVICE_FAMILY = "1,2";
			};
			name = Release;
		};
		6EE30CA32DD514FF003122EC /* Debug */ = {
			isa = XCBuildConfiguration;
			buildSettings = {
				ALWAYS_SEARCH_USER_PATHS = NO;
				ASSETCATALOG_COMPILER_GENERATE_SWIFT_ASSET_SYMBOL_EXTENSIONS = YES;
				CLANG_ANALYZER_NONNULL = YES;
				CLANG_ANALYZER_NUMBER_OBJECT_CONVERSION = YES_AGGRESSIVE;
				CLANG_CXX_LANGUAGE_STANDARD = "gnu++20";
				CLANG_ENABLE_MODULES = YES;
				CLANG_ENABLE_OBJC_ARC = YES;
				CLANG_ENABLE_OBJC_WEAK = YES;
				CLANG_WARN_BLOCK_CAPTURE_AUTORELEASING = YES;
				CLANG_WARN_BOOL_CONVERSION = YES;
				CLANG_WARN_COMMA = YES;
				CLANG_WARN_CONSTANT_CONVERSION = YES;
				CLANG_WARN_DEPRECATED_OBJC_IMPLEMENTATIONS = YES;
				CLANG_WARN_DIRECT_OBJC_ISA_USAGE = YES_ERROR;
				CLANG_WARN_DOCUMENTATION_COMMENTS = YES;
				CLANG_WARN_EMPTY_BODY = YES;
				CLANG_WARN_ENUM_CONVERSION = YES;
				CLANG_WARN_INFINITE_RECURSION = YES;
				CLANG_WARN_INT_CONVERSION = YES;
				CLANG_WARN_NON_LITERAL_NULL_CONVERSION = YES;
				CLANG_WARN_OBJC_IMPLICIT_RETAIN_SELF = YES;
				CLANG_WARN_OBJC_LITERAL_CONVERSION = YES;
				CLANG_WARN_OBJC_ROOT_CLASS = YES_ERROR;
				CLANG_WARN_QUOTED_INCLUDE_IN_FRAMEWORK_HEADER = YES;
				CLANG_WARN_RANGE_LOOP_ANALYSIS = YES;
				CLANG_WARN_STRICT_PROTOTYPES = YES;
				CLANG_WARN_SUSPICIOUS_MOVE = YES;
				CLANG_WARN_UNGUARDED_AVAILABILITY = YES_AGGRESSIVE;
				CLANG_WARN_UNREACHABLE_CODE = YES;
				CLANG_WARN__DUPLICATE_METHOD_MATCH = YES;
				COPY_PHASE_STRIP = NO;
				DEBUG_INFORMATION_FORMAT = dwarf;
				ENABLE_STRICT_OBJC_MSGSEND = YES;
				ENABLE_TESTABILITY = YES;
				ENABLE_USER_SCRIPT_SANDBOXING = YES;
				GCC_C_LANGUAGE_STANDARD = gnu17;
				GCC_DYNAMIC_NO_PIC = NO;
				GCC_NO_COMMON_BLOCKS = YES;
				GCC_OPTIMIZATION_LEVEL = 0;
				GCC_PREPROCESSOR_DEFINITIONS = (
					"DEBUG=1",
					"$(inherited)",
				);
				GCC_WARN_64_TO_32_BIT_CONVERSION = YES;
				GCC_WARN_ABOUT_RETURN_TYPE = YES_ERROR;
				GCC_WARN_UNDECLARED_SELECTOR = YES;
				GCC_WARN_UNINITIALIZED_AUTOS = YES_AGGRESSIVE;
				GCC_WARN_UNUSED_FUNCTION = YES;
				GCC_WARN_UNUSED_VARIABLE = YES;
				IPHONEOS_DEPLOYMENT_TARGET = 18.2;
				LOCALIZATION_PREFERS_STRING_CATALOGS = YES;
				MTL_ENABLE_DEBUG_INFO = INCLUDE_SOURCE;
				MTL_FAST_MATH = YES;
				ONLY_ACTIVE_ARCH = YES;
				SDKROOT = iphoneos;
				SWIFT_ACTIVE_COMPILATION_CONDITIONS = "DEBUG $(inherited)";
				SWIFT_OPTIMIZATION_LEVEL = "-Onone";
			};
			name = Debug;
		};
		6EE30CA42DD514FF003122EC /* Release */ = {
			isa = XCBuildConfiguration;
			buildSettings = {
				ALWAYS_SEARCH_USER_PATHS = NO;
				ASSETCATALOG_COMPILER_GENERATE_SWIFT_ASSET_SYMBOL_EXTENSIONS = YES;
				CLANG_ANALYZER_NONNULL = YES;
				CLANG_ANALYZER_NUMBER_OBJECT_CONVERSION = YES_AGGRESSIVE;
				CLANG_CXX_LANGUAGE_STANDARD = "gnu++20";
				CLANG_ENABLE_MODULES = YES;
				CLANG_ENABLE_OBJC_ARC = YES;
				CLANG_ENABLE_OBJC_WEAK = YES;
				CLANG_WARN_BLOCK_CAPTURE_AUTORELEASING = YES;
				CLANG_WARN_BOOL_CONVERSION = YES;
				CLANG_WARN_COMMA = YES;
				CLANG_WARN_CONSTANT_CONVERSION = YES;
				CLANG_WARN_DEPRECATED_OBJC_IMPLEMENTATIONS = YES;
				CLANG_WARN_DIRECT_OBJC_ISA_USAGE = YES_ERROR;
				CLANG_WARN_DOCUMENTATION_COMMENTS = YES;
				CLANG_WARN_EMPTY_BODY = YES;
				CLANG_WARN_ENUM_CONVERSION = YES;
				CLANG_WARN_INFINITE_RECURSION = YES;
				CLANG_WARN_INT_CONVERSION = YES;
				CLANG_WARN_NON_LITERAL_NULL_CONVERSION = YES;
				CLANG_WARN_OBJC_IMPLICIT_RETAIN_SELF = YES;
				CLANG_WARN_OBJC_LITERAL_CONVERSION = YES;
				CLANG_WARN_OBJC_ROOT_CLASS = YES_ERROR;
				CLANG_WARN_QUOTED_INCLUDE_IN_FRAMEWORK_HEADER = YES;
				CLANG_WARN_RANGE_LOOP_ANALYSIS = YES;
				CLANG_WARN_STRICT_PROTOTYPES = YES;
				CLANG_WARN_SUSPICIOUS_MOVE = YES;
				CLANG_WARN_UNGUARDED_AVAILABILITY = YES_AGGRESSIVE;
				CLANG_WARN_UNREACHABLE_CODE = YES;
				CLANG_WARN__DUPLICATE_METHOD_MATCH = YES;
				COPY_PHASE_STRIP = NO;
				DEBUG_INFORMATION_FORMAT = "dwarf-with-dsym";
				ENABLE_NS_ASSERTIONS = NO;
				ENABLE_STRICT_OBJC_MSGSEND = YES;
				ENABLE_USER_SCRIPT_SANDBOXING = YES;
				GCC_C_LANGUAGE_STANDARD = gnu17;
				GCC_NO_COMMON_BLOCKS = YES;
				GCC_WARN_64_TO_32_BIT_CONVERSION = YES;
				GCC_WARN_ABOUT_RETURN_TYPE = YES_ERROR;
				GCC_WARN_UNDECLARED_SELECTOR = YES;
				GCC_WARN_UNINITIALIZED_AUTOS = YES_AGGRESSIVE;
				GCC_WARN_UNUSED_FUNCTION = YES;
				GCC_WARN_UNUSED_VARIABLE = YES;
				IPHONEOS_DEPLOYMENT_TARGET = 18.2;
				LOCALIZATION_PREFERS_STRING_CATALOGS = YES;
				MTL_ENABLE_DEBUG_INFO = NO;
				MTL_FAST_MATH = YES;
				SDKROOT = iphoneos;
				SWIFT_COMPILATION_MODE = wholemodule;
				VALIDATE_PRODUCT = YES;
			};
			name = Release;
		};
		6EE30CA62DD514FF003122EC /* Debug */ = {
			isa = XCBuildConfiguration;
			buildSettings = {
				BUNDLE_LOADER = "$(TEST_HOST)";
				CODE_SIGN_STYLE = Automatic;
				CURRENT_PROJECT_VERSION = 1;
				GENERATE_INFOPLIST_FILE = YES;
				IPHONEOS_DEPLOYMENT_TARGET = 18.2;
				MARKETING_VERSION = 1.0;
				PRODUCT_BUNDLE_IDENTIFIER = "com.practice.Podcast-SwiftTests";
				PRODUCT_NAME = "$(TARGET_NAME)";
				SWIFT_EMIT_LOC_STRINGS = NO;
				SWIFT_VERSION = 5.0;
				TARGETED_DEVICE_FAMILY = "1,2";
				TEST_HOST = "$(BUILT_PRODUCTS_DIR)/Podcast_Swift.app/$(BUNDLE_EXECUTABLE_FOLDER_PATH)/Podcast_Swift";
			};
			name = Debug;
		};
		6EE30CA72DD514FF003122EC /* Release */ = {
			isa = XCBuildConfiguration;
			buildSettings = {
				BUNDLE_LOADER = "$(TEST_HOST)";
				CODE_SIGN_STYLE = Automatic;
				CURRENT_PROJECT_VERSION = 1;
				GENERATE_INFOPLIST_FILE = YES;
				IPHONEOS_DEPLOYMENT_TARGET = 18.2;
				MARKETING_VERSION = 1.0;
				PRODUCT_BUNDLE_IDENTIFIER = "com.practice.Podcast-SwiftTests";
				PRODUCT_NAME = "$(TARGET_NAME)";
				SWIFT_EMIT_LOC_STRINGS = NO;
				SWIFT_VERSION = 5.0;
				TARGETED_DEVICE_FAMILY = "1,2";
				TEST_HOST = "$(BUILT_PRODUCTS_DIR)/Podcast_Swift.app/$(BUNDLE_EXECUTABLE_FOLDER_PATH)/Podcast_Swift";
			};
			name = Release;
		};
		6EE30CA92DD514FF003122EC /* Debug */ = {
			isa = XCBuildConfiguration;
			buildSettings = {
				CODE_SIGN_STYLE = Automatic;
				CURRENT_PROJECT_VERSION = 1;
				GENERATE_INFOPLIST_FILE = YES;
				MARKETING_VERSION = 1.0;
				PRODUCT_BUNDLE_IDENTIFIER = "com.practice.Podcast-SwiftUITests";
				PRODUCT_NAME = "$(TARGET_NAME)";
				SWIFT_EMIT_LOC_STRINGS = NO;
				SWIFT_VERSION = 5.0;
				TARGETED_DEVICE_FAMILY = "1,2";
				TEST_TARGET_NAME = Podcast_Swift;
			};
			name = Debug;
		};
		6EE30CAA2DD514FF003122EC /* Release */ = {
			isa = XCBuildConfiguration;
			buildSettings = {
				CODE_SIGN_STYLE = Automatic;
				CURRENT_PROJECT_VERSION = 1;
				GENERATE_INFOPLIST_FILE = YES;
				MARKETING_VERSION = 1.0;
				PRODUCT_BUNDLE_IDENTIFIER = "com.practice.Podcast-SwiftUITests";
				PRODUCT_NAME = "$(TARGET_NAME)";
				SWIFT_EMIT_LOC_STRINGS = NO;
				SWIFT_VERSION = 5.0;
				TARGETED_DEVICE_FAMILY = "1,2";
				TEST_TARGET_NAME = Podcast_Swift;
			};
			name = Release;
		};
/* End XCBuildConfiguration section */

/* Begin XCConfigurationList section */
		6EE30C722DD514FE003122EC /* Build configuration list for PBXProject "Podcast_Swift" */ = {
			isa = XCConfigurationList;
			buildConfigurations = (
				6EE30CA32DD514FF003122EC /* Debug */,
				6EE30CA42DD514FF003122EC /* Release */,
			);
			defaultConfigurationIsVisible = 0;
			defaultConfigurationName = Release;
		};
		6EE30CA02DD514FF003122EC /* Build configuration list for PBXNativeTarget "Podcast_Swift" */ = {
			isa = XCConfigurationList;
			buildConfigurations = (
				6EE30CA12DD514FF003122EC /* Debug */,
				6EE30CA22DD514FF003122EC /* Release */,
			);
			defaultConfigurationIsVisible = 0;
			defaultConfigurationName = Release;
		};
		6EE30CA52DD514FF003122EC /* Build configuration list for PBXNativeTarget "Podcast_SwiftTests" */ = {
			isa = XCConfigurationList;
			buildConfigurations = (
				6EE30CA62DD514FF003122EC /* Debug */,
				6EE30CA72DD514FF003122EC /* Release */,
			);
			defaultConfigurationIsVisible = 0;
			defaultConfigurationName = Release;
		};
		6EE30CA82DD514FF003122EC /* Build configuration list for PBXNativeTarget "Podcast_SwiftUITests" */ = {
			isa = XCConfigurationList;
			buildConfigurations = (
				6EE30CA92DD514FF003122EC /* Debug */,
				6EE30CAA2DD514FF003122EC /* Release */,
			);
			defaultConfigurationIsVisible = 0;
			defaultConfigurationName = Release;
		};
/* End XCConfigurationList section */
	};
	rootObject = 6EE30C6F2DD514FE003122EC /* Project object */;
}
